
Microsoft Visual Studio Solution File, Format Version 12.00
# Visual Studio Version 17
VisualStudioVersion = 17.4.33110.190
MinimumVisualStudioVersion = 10.0.40219.1
Project("{9A19103F-16F7-4668-BE54-9A1E7A4F7556}") = "DominandoEFCore", "DominandoEFCore\DominandoEFCore.csproj", "{824041D8-D876-4085-AA06-21182D7238AA}"
EndProject
Project("{9A19103F-16F7-4668-BE54-9A1E7A4F7556}") = "DominandoEFCore-Modulo2-Consultas", "DominandoEFCore-Modulo2-Consultas\DominandoEFCore-Modulo2-Consultas.csproj", "{A0FF41FE-06F9-417E-A7CA-FCE8632A557C}"
EndProject
Project("{9A19103F-16F7-4668-BE54-9A1E7A4F7556}") = "DominandoEFCore-Modulo3-Infraestrutura", "DominandoEFCore-Modulo3-Infraestrutura\DominandoEFCore-Modulo3-Infraestrutura.csproj", "{8A2A4B57-D0DC-4C72-9A9E-79CDAAA5C441}"
EndProject
Project("{9A19103F-16F7-4668-BE54-9A1E7A4F7556}") = "DominandoEFCore-Modulo4-ModeloDados", "DominandoEFCore-Modulo4-ModeloDados\DominandoEFCore-Modulo4-ModeloDados.csproj", "{D3A6C603-E3F1-49CC-B035-8AFC581925A5}"
EndProject
Project("{9A19103F-16F7-4668-BE54-9A1E7A4F7556}") = "DominandoEFCore-Modulo5-DataAnnotations", "DominandoEFCore-Modulo5-DataAnnotations\DominandoEFCore-Modulo5-DataAnnotations.csproj", "{FC082B28-AC39-4237-A4C1-1F9D606E4DA5}"
EndProject
Project("{9A19103F-16F7-4668-BE54-9A1E7A4F7556}") = "DominandoEFCore-Modulo6-Functions", "DominandoEFCore-Modulo6-Functions\DominandoEFCore-Modulo6-Functions.csproj", "{E5CF5ADB-64FD-4A36-B923-2A8CC91247DA}"
EndProject
Project("{FAE04EC0-301F-11D3-BF4B-00C04F79EFBC}") = "DominandoEFCore-Modulo7-Interceptacao", "DominandoEFCore-Modulo7-Interceptacao\DominandoEFCore-Modulo7-Interceptacao.csproj", "{BA947DCB-376C-4B14-AE62-D6AFFB98EFDD}"
EndProject
Global
	GlobalSection(SolutionConfigurationPlatforms) = preSolution
		Debug|Any CPU = Debug|Any CPU
		Release|Any CPU = Release|Any CPU
	EndGlobalSection
	GlobalSection(ProjectConfigurationPlatforms) = postSolution
		{824041D8-D876-4085-AA06-21182D7238AA}.Debug|Any CPU.ActiveCfg = Debug|Any CPU
		{824041D8-D876-4085-AA06-21182D7238AA}.Debug|Any CPU.Build.0 = Debug|Any CPU
		{824041D8-D876-4085-AA06-21182D7238AA}.Release|Any CPU.ActiveCfg = Release|Any CPU
		{824041D8-D876-4085-AA06-21182D7238AA}.Release|Any CPU.Build.0 = Release|Any CPU
		{A0FF41FE-06F9-417E-A7CA-FCE8632A557C}.Debug|Any CPU.ActiveCfg = Debug|Any CPU
		{A0FF41FE-06F9-417E-A7CA-FCE8632A557C}.Debug|Any CPU.Build.0 = Debug|Any CPU
		{A0FF41FE-06F9-417E-A7CA-FCE8632A557C}.Release|Any CPU.ActiveCfg = Release|Any CPU
		{A0FF41FE-06F9-417E-A7CA-FCE8632A557C}.Release|Any CPU.Build.0 = Release|Any CPU
		{8A2A4B57-D0DC-4C72-9A9E-79CDAAA5C441}.Debug|Any CPU.ActiveCfg = Debug|Any CPU
		{8A2A4B57-D0DC-4C72-9A9E-79CDAAA5C441}.Debug|Any CPU.Build.0 = Debug|Any CPU
		{8A2A4B57-D0DC-4C72-9A9E-79CDAAA5C441}.Release|Any CPU.ActiveCfg = Release|Any CPU
		{8A2A4B57-D0DC-4C72-9A9E-79CDAAA5C441}.Release|Any CPU.Build.0 = Release|Any CPU
		{D3A6C603-E3F1-49CC-B035-8AFC581925A5}.Debug|Any CPU.ActiveCfg = Debug|Any CPU
		{D3A6C603-E3F1-49CC-B035-8AFC581925A5}.Debug|Any CPU.Build.0 = Debug|Any CPU
		{D3A6C603-E3F1-49CC-B035-8AFC581925A5}.Release|Any CPU.ActiveCfg = Release|Any CPU
		{D3A6C603-E3F1-49CC-B035-8AFC581925A5}.Release|Any CPU.Build.0 = Release|Any CPU
		{FC082B28-AC39-4237-A4C1-1F9D606E4DA5}.Debug|Any CPU.ActiveCfg = Debug|Any CPU
		{FC082B28-AC39-4237-A4C1-1F9D606E4DA5}.Debug|Any CPU.Build.0 = Debug|Any CPU
		{FC082B28-AC39-4237-A4C1-1F9D606E4DA5}.Release|Any CPU.ActiveCfg = Release|Any CPU
		{FC082B28-AC39-4237-A4C1-1F9D606E4DA5}.Release|Any CPU.Build.0 = Release|Any CPU
		{E5CF5ADB-64FD-4A36-B923-2A8CC91247DA}.Debug|Any CPU.ActiveCfg = Debug|Any CPU
		{E5CF5ADB-64FD-4A36-B923-2A8CC91247DA}.Debug|Any CPU.Build.0 = Debug|Any CPU
		{E5CF5ADB-64FD-4A36-B923-2A8CC91247DA}.Release|Any CPU.ActiveCfg = Release|Any CPU
		{E5CF5ADB-64FD-4A36-B923-2A8CC91247DA}.Release|Any CPU.Build.0 = Release|Any CPU
		{BA947DCB-376C-4B14-AE62-D6AFFB98EFDD}.Debug|Any CPU.ActiveCfg = Debug|Any CPU
		{BA947DCB-376C-4B14-AE62-D6AFFB98EFDD}.Debug|Any CPU.Build.0 = Debug|Any CPU
		{BA947DCB-376C-4B14-AE62-D6AFFB98EFDD}.Release|Any CPU.ActiveCfg = Release|Any CPU
		{BA947DCB-376C-4B14-AE62-D6AFFB98EFDD}.Release|Any CPU.Build.0 = Release|Any CPU
	EndGlobalSection
	GlobalSection(SolutionProperties) = preSolution
		HideSolutionNode = FALSE
	EndGlobalSection
	GlobalSection(ExtensibilityGlobals) = postSolution
		SolutionGuid = {0DEC0A53-A695-41AC-8357-F938026E2483}
	EndGlobalSection
EndGlobal
